# THIS IS AN AUTOGENERATED FILE. DO NOT EDIT THIS FILE DIRECTLY.
# yarn lockfile v1


"@babel/runtime@^7.16.3", "@babel/runtime@^7.16.7":
  version "7.17.2"
  resolved "https://registry.yarnpkg.com/@babel/runtime/-/runtime-7.17.2.tgz#66f68591605e59da47523c631416b18508779941"
  integrity sha512-hzeyJyMA1YGdJTuWU0e/j4wKXrU4OMFvY2MSlaI9B7VQb0r5cxTE3EAIS2Q7Tn2RIcDkRvTA/v2JsAEhxe99uw==
  dependencies:
    regenerator-runtime "^0.13.4"

"@equilab/api@1.8.6":
  version "1.8.6"
  resolved "https://registry.yarnpkg.com/@equilab/api/-/api-1.8.6.tgz#2a979012bceac32b9ef35027c503233118c1668d"
  integrity sha512-IFSmO2cRH+sUc0ObPMqw4kN2CMueT1h+YJAnwIX8ONqOxQCx5fBtidYYUROBnYMOvrzQgouroUiLPmNYj54adA==
  dependencies:
    "@equilab/definitions" "1.4.6"
    "@polkadot/api" "7.4.1"
    abort-controller "^3.0.0"
    isomorphic-fetch "^3.0.0"

"@equilab/definitions@1.4.6":
  version "1.4.6"
  resolved "https://registry.yarnpkg.com/@equilab/definitions/-/definitions-1.4.6.tgz#2517510351be712f3db7246adf4dc5e271c88d17"
  integrity sha512-Vyl31LzI4n7aNUQMvsg0YgffOtKos6xIdOpN7dGp3j7jjsiZ3qM1QmB3vbGqrL3G1vU5dKR/DMOxJDk3CjgR4Q==

"@noble/hashes@0.5.7":
  version "0.5.7"
  resolved "https://registry.yarnpkg.com/@noble/hashes/-/hashes-0.5.7.tgz#8605d84b34daf43d15c344fae54f0a1d5d5a4632"
  integrity sha512-R9PPYv7TqoYi+enikzZvwRQesGTxR0+jwqzZJGL0uNcf2NFL+lt/uvCCewtXXmr6jWBxiMuNjBfJwKv9UJaCng==

"@noble/secp256k1@1.3.4":
  version "1.3.4"
  resolved "https://registry.yarnpkg.com/@noble/secp256k1/-/secp256k1-1.3.4.tgz#158ded712d09237c0d3428be60dc01ce8ebab9fb"
  integrity sha512-ZVRouDO5mbdCiDg4zCd3ZZABduRtpy4tCnB33Gh9upHe9tRzpiqbRSN1VTjrj/2g8u2c6MBi0YLNnNQpBYOiWg==

"@polkadot/api-augment@7.4.1":
  version "7.4.1"
  resolved "https://registry.yarnpkg.com/@polkadot/api-augment/-/api-augment-7.4.1.tgz#ecefc807ba473fc223469ff0b16526e88958929a"
  integrity sha512-wpOOFJWN2RZwaejcpWWfmskprpB9mmn9ujHfMtubeECTZn42e72bsAGeUuxKcjItNo4zgVpG1r53xjvZus9cyw==
  dependencies:
    "@babel/runtime" "^7.16.7"
    "@polkadot/api-base" "7.4.1"
    "@polkadot/rpc-augment" "7.4.1"
    "@polkadot/types" "7.4.1"
    "@polkadot/types-augment" "7.4.1"
    "@polkadot/types-codec" "7.4.1"
    "@polkadot/util" "^8.3.2"

"@polkadot/api-base@7.4.1":
  version "7.4.1"
  resolved "https://registry.yarnpkg.com/@polkadot/api-base/-/api-base-7.4.1.tgz#116b72f8497994995788a269f89b240649ef0c7c"
  integrity sha512-JIpsAIU9UD19coslEP3/w3pWTtsRO1K2WUb17M7YGMHacQ6pgFCJoqCkD6X2TN2uSGWy0pl7QgPLTa1aKi0/Dw==
  dependencies:
    "@babel/runtime" "^7.16.7"
    "@polkadot/rpc-core" "7.4.1"
    "@polkadot/types" "7.4.1"
    "@polkadot/util" "^8.3.2"
    rxjs "^7.5.2"

"@polkadot/api-derive@7.4.1":
  version "7.4.1"
  resolved "https://registry.yarnpkg.com/@polkadot/api-derive/-/api-derive-7.4.1.tgz#11f6cd13df93267d2e698b9556dd867a1e415301"
  integrity sha512-K2Jb0DQwt24cBZSOJx25dGp/zuEZON7BryfMEx82CEMeg9qsopt066qU6sniOfaibTLbSC+wtfEBcB546U6a+g==
  dependencies:
    "@babel/runtime" "^7.16.7"
    "@polkadot/api" "7.4.1"
    "@polkadot/api-augment" "7.4.1"
    "@polkadot/api-base" "7.4.1"
    "@polkadot/rpc-core" "7.4.1"
    "@polkadot/types" "7.4.1"
    "@polkadot/types-codec" "7.4.1"
    "@polkadot/util" "^8.3.2"
    "@polkadot/util-crypto" "^8.3.2"
    rxjs "^7.5.2"

"@polkadot/api@7.4.1":
  version "7.4.1"
  resolved "https://registry.yarnpkg.com/@polkadot/api/-/api-7.4.1.tgz#0c0be03cdbc044f500c91423b4b111ae7541c58f"
  integrity sha512-o9KWUY1o54VOfcNBIiwDpIwj1FhluSwIlr+/OO6VM47djkEvrlP9W5Z/NXECAr6O/yT+jR0PCwaPshey72+B8Q==
  dependencies:
    "@babel/runtime" "^7.16.7"
    "@polkadot/api-augment" "7.4.1"
    "@polkadot/api-base" "7.4.1"
    "@polkadot/api-derive" "7.4.1"
    "@polkadot/keyring" "^8.3.2"
    "@polkadot/rpc-augment" "7.4.1"
    "@polkadot/rpc-core" "7.4.1"
    "@polkadot/rpc-provider" "7.4.1"
    "@polkadot/types" "7.4.1"
    "@polkadot/types-augment" "7.4.1"
    "@polkadot/types-codec" "7.4.1"
    "@polkadot/types-create" "7.4.1"
    "@polkadot/types-known" "7.4.1"
    "@polkadot/util" "^8.3.2"
    "@polkadot/util-crypto" "^8.3.2"
    eventemitter3 "^4.0.7"
    rxjs "^7.5.2"

"@polkadot/keyring@8.3.2":
  version "8.3.2"
  resolved "https://registry.yarnpkg.com/@polkadot/keyring/-/keyring-8.3.2.tgz#f29a469db1021d12b5a0c87ab62a630ccb17e9d7"
  integrity sha512-XUmrYkW1dtQ++fsMAJfKdHw4/zANqUq9vi9+4ewyhPmIIQxb+1TxzHMaOunvRguadKOIavczPU2kp2meTfesQA==
  dependencies:
    "@babel/runtime" "^7.16.7"
    "@polkadot/util" "8.3.2"
    "@polkadot/util-crypto" "8.3.2"

"@polkadot/keyring@^8.3.2":
  version "8.3.3"
  resolved "https://registry.yarnpkg.com/@polkadot/keyring/-/keyring-8.3.3.tgz#931c809f9a3b092231b2d319007e02e64bec8f21"
  integrity sha512-TgoIpaTqn7voT7lDu5W6p0Z+216OImpqtHuaiFy125ekCQurrf9BVIdwp56y5qoFLDAZ5i9gnWHMIgOQ6AJj/Q==
  dependencies:
    "@babel/runtime" "^7.16.7"
    "@polkadot/util" "8.3.3"
    "@polkadot/util-crypto" "8.3.3"

"@polkadot/networks@8.3.2":
  version "8.3.2"
  resolved "https://registry.yarnpkg.com/@polkadot/networks/-/networks-8.3.2.tgz#e5306f5d795ea3ee9fb6389d643577817c6fb4f0"
  integrity sha512-9SDcGsasnKNjbjFrrp/WlllrR/pIxDDl3DZH1jXuRdWQ3BF+kTHCddxE9ffmu/EIlRpaX8rfu5mQyJxefc98zQ==
  dependencies:
    "@babel/runtime" "^7.16.7"
    "@polkadot/util" "8.3.2"

"@polkadot/networks@8.3.3", "@polkadot/networks@^8.3.2":
  version "8.3.3"
  resolved "https://registry.yarnpkg.com/@polkadot/networks/-/networks-8.3.3.tgz#2def73213451f12bc940b0c9ce8942aebbe5d4a8"
  integrity sha512-yj0DMqmzRZbvgaoZztV3/RPgYJjBhT17Dhu+FX/LUJzVbAF/RfjkzNsJT4Ta4kLDxQMYZq1avUac0ia2j9NcNw==
  dependencies:
    "@babel/runtime" "^7.16.7"
    "@polkadot/util" "8.3.3"

"@polkadot/rpc-augment@7.4.1":
  version "7.4.1"
  resolved "https://registry.yarnpkg.com/@polkadot/rpc-augment/-/rpc-augment-7.4.1.tgz#5c5ef315f880137e7fe41c82960dc83802f4c2b8"
  integrity sha512-2pdeL3+HdKhjoaAGGxQvTCfagnAM1T0W56x+9F8GKQKsdZA9IGzDs8KdQjYoVJTtaTB5Va+Yl9E+eq3W1+xq0w==
  dependencies:
    "@babel/runtime" "^7.16.7"
    "@polkadot/rpc-core" "7.4.1"
    "@polkadot/types" "7.4.1"
    "@polkadot/types-codec" "7.4.1"
    "@polkadot/util" "^8.3.2"

"@polkadot/rpc-core@7.4.1":
  version "7.4.1"
  resolved "https://registry.yarnpkg.com/@polkadot/rpc-core/-/rpc-core-7.4.1.tgz#1c672743bbb588f66b278a1f358d0404467f9607"
  integrity sha512-Hd+QIbSjrTLHwFZ9CXONU3TyZphC13f0uJIFrZPFCW4zdMeTUpuIBTr+gzhji4+fa6SH+2MnasW0RLDixDy27g==
  dependencies:
    "@babel/runtime" "^7.16.7"
    "@polkadot/rpc-augment" "7.4.1"
    "@polkadot/rpc-provider" "7.4.1"
    "@polkadot/types" "7.4.1"
    "@polkadot/util" "^8.3.2"
    rxjs "^7.5.2"

"@polkadot/rpc-provider@7.4.1":
  version "7.4.1"
  resolved "https://registry.yarnpkg.com/@polkadot/rpc-provider/-/rpc-provider-7.4.1.tgz#b958801509338959187627db6fb94536ae070b33"
  integrity sha512-685mGpuIy5Nre5l8XP5wOnZzIHSY2Vzyo5twkbUWYnzpARPxqATuEf/hY8l5OQaZIp9idciHs9yo5RS9A+w1HQ==
  dependencies:
    "@babel/runtime" "^7.16.7"
    "@polkadot/keyring" "^8.3.2"
    "@polkadot/types" "7.4.1"
    "@polkadot/types-support" "7.4.1"
    "@polkadot/util" "^8.3.2"
    "@polkadot/util-crypto" "^8.3.2"
    "@polkadot/x-fetch" "^8.3.2"
    "@polkadot/x-global" "^8.3.2"
    "@polkadot/x-ws" "^8.3.2"
    eventemitter3 "^4.0.7"
    mock-socket "^9.0.8"
    nock "^13.2.2"

"@polkadot/types-augment@7.4.1":
  version "7.4.1"
  resolved "https://registry.yarnpkg.com/@polkadot/types-augment/-/types-augment-7.4.1.tgz#e11b98088e93e390b5166816760037f1f7fd7d7b"
  integrity sha512-aHLmhyw+8odrJhznfdN7K1vzp8Lz+aASk6CLAux2etshX/XpeFatBkvF7EVol5YN4TQTZwdBMv8TAYicQPow0g==
  dependencies:
    "@babel/runtime" "^7.16.7"
    "@polkadot/types" "7.4.1"
    "@polkadot/types-codec" "7.4.1"
    "@polkadot/util" "^8.3.2"

"@polkadot/types-codec@7.4.1":
  version "7.4.1"
  resolved "https://registry.yarnpkg.com/@polkadot/types-codec/-/types-codec-7.4.1.tgz#196556110279e4efdcf7629f7b3b5cc88e0a925a"
  integrity sha512-jeyVEvj77u0b+ilT0mODBhVW1zs3Uzb1Jf+cG3lqyxsAOkd02gHxYqmcDNdnqPjHLYm70+ZugRzpSd4u+MBONA==
  dependencies:
    "@babel/runtime" "^7.16.7"
    "@polkadot/util" "^8.3.2"

"@polkadot/types-create@7.4.1":
  version "7.4.1"
  resolved "https://registry.yarnpkg.com/@polkadot/types-create/-/types-create-7.4.1.tgz#39c64041ff57dd2e473040515f6c0543000a5674"
  integrity sha512-B/wrqLN9zIJvo6kXq+EJpx/Q0+StJqGmNKjryhDlrdWHfI8jADDU6hKWRIMvHsxCl6VGvMweLRLnjS59P3mRCA==
  dependencies:
    "@babel/runtime" "^7.16.7"
    "@polkadot/types-codec" "7.4.1"
    "@polkadot/util" "^8.3.2"

"@polkadot/types-known@7.4.1":
  version "7.4.1"
  resolved "https://registry.yarnpkg.com/@polkadot/types-known/-/types-known-7.4.1.tgz#34eea6080100b5003bf997f5a8e5e7f79e7e5118"
  integrity sha512-6cbYRcA0WrncRmI0ZJb5JOL8Yj7MLbLXSOZB7TMh1+c7sc15jJcubYrr5tamiUfBY1p017DH6cTyA2Jnvzvb2A==
  dependencies:
    "@babel/runtime" "^7.16.7"
    "@polkadot/networks" "^8.3.2"
    "@polkadot/types" "7.4.1"
    "@polkadot/types-codec" "7.4.1"
    "@polkadot/types-create" "7.4.1"
    "@polkadot/util" "^8.3.2"

"@polkadot/types-support@7.4.1":
  version "7.4.1"
  resolved "https://registry.yarnpkg.com/@polkadot/types-support/-/types-support-7.4.1.tgz#4ba67f73ba9720068af53e58343c08704f1a5064"
  integrity sha512-A5KTq/4XZozSzTMsl05vMmwqEKP9tKCsYd/DJxdUzACYrDiNY1gQaQPi08h3K5wO36iHpYE7p7GuGcwAHYYTKQ==
  dependencies:
    "@babel/runtime" "^7.16.7"
    "@polkadot/util" "^8.3.2"

"@polkadot/types@7.4.1":
  version "7.4.1"
  resolved "https://registry.yarnpkg.com/@polkadot/types/-/types-7.4.1.tgz#921ab9bfaea9ecff7363c9e30bd81a3d286feb9a"
  integrity sha512-9GjVJw1LjNJbODLTQ4Wnp2Y1xhPH+0IdCXdJu2RqMatJZfKQN9ogpzKIYbaJsGtMAASz1yU6Q66ps/AmFlWwMA==
  dependencies:
    "@babel/runtime" "^7.16.7"
    "@polkadot/keyring" "^8.3.2"
    "@polkadot/types-augment" "7.4.1"
    "@polkadot/types-codec" "7.4.1"
    "@polkadot/types-create" "7.4.1"
    "@polkadot/util" "^8.3.2"
    "@polkadot/util-crypto" "^8.3.2"
    rxjs "^7.5.2"

"@polkadot/util-crypto@8.3.2":
  version "8.3.2"
  resolved "https://registry.yarnpkg.com/@polkadot/util-crypto/-/util-crypto-8.3.2.tgz#68e5b41710c8b099daad2c4f8d3ec59cb86bd913"
  integrity sha512-YVs8sMpY5Va57l8JtXxRYe7LBfx0DmMz4IfsYozTvNin/M1Z7IjdhYBG3rahb8rO2sQTkZ4OjJun8RUQ8unIGw==
  dependencies:
    "@babel/runtime" "^7.16.7"
    "@noble/hashes" "0.5.7"
    "@noble/secp256k1" "1.3.4"
    "@polkadot/networks" "8.3.2"
    "@polkadot/util" "8.3.2"
    "@polkadot/wasm-crypto" "^4.5.1"
    "@polkadot/x-bigint" "8.3.2"
    "@polkadot/x-randomvalues" "8.3.2"
    ed2curve "^0.3.0"
    micro-base "^0.10.2"
    tweetnacl "^1.0.3"

"@polkadot/util-crypto@8.3.3", "@polkadot/util-crypto@^8.3.2":
  version "8.3.3"
  resolved "https://registry.yarnpkg.com/@polkadot/util-crypto/-/util-crypto-8.3.3.tgz#684a04c26bd390a150e83fe34840d9e219a22d24"
  integrity sha512-kXaT2VTEbJq1wNiV0Dz5qJuVWy7pK+x1QLcyWC+6OFERYO+BCp1Y2bTOcLUeF/gyyR/ZaRMMdTyu0ZbHrwH0xg==
  dependencies:
    "@babel/runtime" "^7.16.7"
    "@noble/hashes" "0.5.7"
    "@noble/secp256k1" "1.3.4"
    "@polkadot/networks" "8.3.3"
    "@polkadot/util" "8.3.3"
    "@polkadot/wasm-crypto" "^4.5.1"
    "@polkadot/x-bigint" "8.3.3"
    "@polkadot/x-randomvalues" "8.3.3"
    ed2curve "^0.3.0"
    micro-base "^0.10.2"
    tweetnacl "^1.0.3"

"@polkadot/util@8.3.2":
  version "8.3.2"
  resolved "https://registry.yarnpkg.com/@polkadot/util/-/util-8.3.2.tgz#7e2568e0e1b5c26800dc498434a854fedf5ac247"
  integrity sha512-ZxvP93F0rEo7gH0jiy44BkB+7TvAGfTei3VK2ftp2pf7TCgsx3uPYsY4+qtOk+OcAhXOOhtgomy8yF4QqAeVdQ==
  dependencies:
    "@babel/runtime" "^7.16.7"
    "@polkadot/x-bigint" "8.3.2"
    "@polkadot/x-global" "8.3.2"
    "@polkadot/x-textdecoder" "8.3.2"
    "@polkadot/x-textencoder" "8.3.2"
    "@types/bn.js" "^4.11.6"
    bn.js "^4.12.0"
    ip-regex "^4.3.0"

"@polkadot/util@8.3.3", "@polkadot/util@^8.3.2":
  version "8.3.3"
  resolved "https://registry.yarnpkg.com/@polkadot/util/-/util-8.3.3.tgz#0bd79f771a82a8276b0ca0e713068d23ee53abf2"
  integrity sha512-8u1NShSHrCFeFvxWL8WAyRN8y1/iPvijqYCDeeHziBxCNBrL3VKDc9GNF11skeay/EKQiCHBSBeAYyyQOpLebA==
  dependencies:
    "@babel/runtime" "^7.16.7"
    "@polkadot/x-bigint" "8.3.3"
    "@polkadot/x-global" "8.3.3"
    "@polkadot/x-textdecoder" "8.3.3"
    "@polkadot/x-textencoder" "8.3.3"
    "@types/bn.js" "^4.11.6"
    bn.js "^4.12.0"
    ip-regex "^4.3.0"

"@polkadot/wasm-crypto-asmjs@^4.5.1":
  version "4.5.1"
  resolved "https://registry.yarnpkg.com/@polkadot/wasm-crypto-asmjs/-/wasm-crypto-asmjs-4.5.1.tgz#e1025a49e106db11d1187caf65f56c960ea2ad2b"
  integrity sha512-DOdRiWhxVvmqTvp+E9z1j+Yr0zDOGsDvqnT/eNw0Dl1FVUOImsEa7FKns/urASmcxCVEE1jtUWSnij29jrORMQ==
  dependencies:
    "@babel/runtime" "^7.16.3"

"@polkadot/wasm-crypto-wasm@^4.5.1":
  version "4.5.1"
  resolved "https://registry.yarnpkg.com/@polkadot/wasm-crypto-wasm/-/wasm-crypto-wasm-4.5.1.tgz#063a58ff7ddd939b7886a6a238109a8d2c416e46"
  integrity sha512-hPwke85HxpgG/RAlwdCE8u5w7bThvWg399mlB+XjogXMxOUWBZSgq2XYbgzROUXx27inK9nStF4Pnc4zJnqs9A==
  dependencies:
    "@babel/runtime" "^7.16.3"

"@polkadot/wasm-crypto@^4.5.1":
  version "4.5.1"
  resolved "https://registry.yarnpkg.com/@polkadot/wasm-crypto/-/wasm-crypto-4.5.1.tgz#e1ac6d846a0ad8e991cec128994524183ef6e8fd"
  integrity sha512-Cr21ais3Kq3aedIHZ3J1tjgeD/+K8FCiwEawr0oRywNBSJR8wyuZMePs4swR/6xm8wbBkpqoBVHz/UQHqqQJmA==
  dependencies:
    "@babel/runtime" "^7.16.3"
    "@polkadot/wasm-crypto-asmjs" "^4.5.1"
    "@polkadot/wasm-crypto-wasm" "^4.5.1"

"@polkadot/x-bigint@8.3.2":
  version "8.3.2"
  resolved "https://registry.yarnpkg.com/@polkadot/x-bigint/-/x-bigint-8.3.2.tgz#8d83a9e8ebc7d22636e199e9a9c416c35aa3856e"
  integrity sha512-PZyCOsAg/AQ8+Xa4bFGVVBxFt1thVqY24DqEhzEoounygWwazaF83wrfh8ZSO7we6T+jnb7Ptdh63Rh+YFH02w==
  dependencies:
    "@babel/runtime" "^7.16.7"
    "@polkadot/x-global" "8.3.2"

"@polkadot/x-bigint@8.3.3":
  version "8.3.3"
  resolved "https://registry.yarnpkg.com/@polkadot/x-bigint/-/x-bigint-8.3.3.tgz#3787c4cbfc996bda05c342a80c04bd58a1beaf4b"
  integrity sha512-2CT25f0zN/uhch3KpM38jtQfFJ1zJCNT41exg49ztsOvm4f6l+6hW91NLhNAZ313B/c6Z4Lm3DalsjAOdBZ8Nw==
  dependencies:
    "@babel/runtime" "^7.16.7"
    "@polkadot/x-global" "8.3.3"

"@polkadot/x-fetch@^8.3.2":
  version "8.3.3"
  resolved "https://registry.yarnpkg.com/@polkadot/x-fetch/-/x-fetch-8.3.3.tgz#8c81b928868efd573219c231b25f0bcc38107a1b"
  integrity sha512-+ScnWnt0i1IF+fM9IC+OnjkTi5NonK+ji8q861hwkNCtK2ziibibcD3mGavCA6wZvij4wUTovWEsTc5Su0+KTA==
  dependencies:
    "@babel/runtime" "^7.16.7"
    "@polkadot/x-global" "8.3.3"
    "@types/node-fetch" "^2.5.12"
    node-fetch "^2.6.7"

"@polkadot/x-global@8.3.2":
  version "8.3.2"
  resolved "https://registry.yarnpkg.com/@polkadot/x-global/-/x-global-8.3.2.tgz#5d8800512b503ec755da5afceeabed9ab0047710"
  integrity sha512-lIZZF33mr/BU4VZ6AB8JtMw6WAvhYW41WFXkegCM5EToyVYf59xb1ExtalyhpuDsxdNfITDxX6wBoH736ON5og==
  dependencies:
    "@babel/runtime" "^7.16.7"

"@polkadot/x-global@8.3.3", "@polkadot/x-global@^8.3.2":
  version "8.3.3"
  resolved "https://registry.yarnpkg.com/@polkadot/x-global/-/x-global-8.3.3.tgz#ee2f4a0acd46626bc04174e1bf966478a2feef94"
  integrity sha512-7DWjcNhTDIpYNiQmLq56o6xYOONr0i6WXdoPUxYrToxZWeWyj/FWaYMfttedLydABPcy87lmvIy8ECp7qCcnyw==
  dependencies:
    "@babel/runtime" "^7.16.7"

"@polkadot/x-randomvalues@8.3.2":
  version "8.3.2"
  resolved "https://registry.yarnpkg.com/@polkadot/x-randomvalues/-/x-randomvalues-8.3.2.tgz#fe0c932f440bfa9f9903e718d3a7950cb52b2574"
  integrity sha512-RbKPHqNqSSe57yBzxkTIIjE1gG98sjr+l0EQpLtDzgxB9eYXsaGWbYrVbfDtAAo+H8xRoDPna7i/+JnlSONRIQ==
  dependencies:
    "@babel/runtime" "^7.16.7"
    "@polkadot/x-global" "8.3.2"

"@polkadot/x-randomvalues@8.3.3":
  version "8.3.3"
  resolved "https://registry.yarnpkg.com/@polkadot/x-randomvalues/-/x-randomvalues-8.3.3.tgz#29f855d903fdcac1cb42cacbbc85ca5db7eaccd8"
  integrity sha512-yxM6GWQholf+vY4dHxKVwtJwDzNUz4UJlL/iN3PA0cuhQ37gxmtJugnNAllcFd8LDNXEN47Ky6Ifw1OHHmZaVw==
  dependencies:
    "@babel/runtime" "^7.16.7"
    "@polkadot/x-global" "8.3.3"

"@polkadot/x-textdecoder@8.3.2":
  version "8.3.2"
  resolved "https://registry.yarnpkg.com/@polkadot/x-textdecoder/-/x-textdecoder-8.3.2.tgz#969da8530ee7169fc8bc512631ffcbb9845f31d9"
  integrity sha512-4C/F1S9mTb/ig/vRw9ovnJYaeeFy8GyoZBduk7fFlXQljKeWbR1DIU1ORHEHpZsrqPI4tFipjkb71e2GvSyi1w==
  dependencies:
    "@babel/runtime" "^7.16.7"
    "@polkadot/x-global" "8.3.2"

"@polkadot/x-textdecoder@8.3.3":
  version "8.3.3"
  resolved "https://registry.yarnpkg.com/@polkadot/x-textdecoder/-/x-textdecoder-8.3.3.tgz#d2ef1c63c712f015489025eb95e01a466a5614a7"
  integrity sha512-oEvFJv/F+fQ336ciRuJJgJFtfyOX6a2Nyr/5GCkiSQjkEIdnBUuO49yXpHNmQsNI0WndLWIEitiVVa9KuDslYw==
  dependencies:
    "@babel/runtime" "^7.16.7"
    "@polkadot/x-global" "8.3.3"

"@polkadot/x-textencoder@8.3.2":
  version "8.3.2"
  resolved "https://registry.yarnpkg.com/@polkadot/x-textencoder/-/x-textencoder-8.3.2.tgz#1e5f3a5b314313c7e21fbd0352bf0a5dddf195cd"
  integrity sha512-zRolxvzRCdejM+TSXp2OYNnwCWaqnhmuU3X90w49zjrqadea+RA21UzvvB6uGCAtNjQwIqXwHW9R/kTkTICdew==
  dependencies:
    "@babel/runtime" "^7.16.7"
    "@polkadot/x-global" "8.3.2"

"@polkadot/x-textencoder@8.3.3":
  version "8.3.3"
  resolved "https://registry.yarnpkg.com/@polkadot/x-textencoder/-/x-textencoder-8.3.3.tgz#f59bf164fcd5ca9899c61065f36911cabec7c9f8"
  integrity sha512-acVsJjmlQ7aluUq8JARY2wJAbf+6dvZNoUrvgzdX/jl5MqvqeIXmX3LX71MyidLt27Z537VDgNzWw8V/524AVQ==
  dependencies:
    "@babel/runtime" "^7.16.7"
    "@polkadot/x-global" "8.3.3"

"@polkadot/x-ws@^8.3.2":
  version "8.3.3"
  resolved "https://registry.yarnpkg.com/@polkadot/x-ws/-/x-ws-8.3.3.tgz#ab06d87637cb9b86fa341cc95e52f06cc4265d74"
  integrity sha512-Dd0kscZSb7MULVqo5isPZyqvErvgE7lYIwZ4IA0rNdgUWi3mrJWeeWrzVMxC6nbg6q1ahIEGxxZLMVzeI3u/Ew==
  dependencies:
    "@babel/runtime" "^7.16.7"
    "@polkadot/x-global" "8.3.3"
    "@types/websocket" "^1.0.4"
    websocket "^1.0.34"

"@types/bn.js@^4.11.6":
  version "4.11.6"
  resolved "https://registry.yarnpkg.com/@types/bn.js/-/bn.js-4.11.6.tgz#c306c70d9358aaea33cd4eda092a742b9505967c"
  integrity sha512-pqr857jrp2kPuO9uRjZ3PwnJTjoQy+fcdxvBTvHm6dkmEL9q+hDD/2j/0ELOBPtPnS8LjCX0gI9nbl8lVkadpg==
  dependencies:
    "@types/node" "*"

"@types/node-fetch@^2.5.12":
  version "2.5.12"
  resolved "https://registry.yarnpkg.com/@types/node-fetch/-/node-fetch-2.5.12.tgz#8a6f779b1d4e60b7a57fb6fd48d84fb545b9cc66"
  integrity sha512-MKgC4dlq4kKNa/mYrwpKfzQMB5X3ee5U6fSprkKpToBqBmX4nFZL9cW5jl6sWn+xpRJ7ypWh2yyqqr8UUCstSw==
  dependencies:
    "@types/node" "*"
    form-data "^3.0.0"

"@types/node@*":
  version "17.0.16"
  resolved "https://registry.yarnpkg.com/@types/node/-/node-17.0.16.tgz#e3733f46797b9df9e853ca9f719c8a6f7b84cd26"
  integrity sha512-ydLaGVfQOQ6hI1xK2A5nVh8bl0OGoIfYMxPWHqqYe9bTkWCfqiVvZoh2I/QF2sNSkZzZyROBoTefIEI+PB6iIA==

"@types/node@14.14.7":
  version "14.14.7"
  resolved "https://registry.yarnpkg.com/@types/node/-/node-14.14.7.tgz#8ea1e8f8eae2430cf440564b98c6dfce1ec5945d"
  integrity sha512-Zw1vhUSQZYw+7u5dAwNbIA9TuTotpzY/OF7sJM9FqPOF3SPjKnxrjoTktXDZgUjybf4cWVBP7O8wvKdSaGHweg==

"@types/websocket@^1.0.4":
  version "1.0.5"
  resolved "https://registry.yarnpkg.com/@types/websocket/-/websocket-1.0.5.tgz#3fb80ed8e07f88e51961211cd3682a3a4a81569c"
  integrity sha512-NbsqiNX9CnEfC1Z0Vf4mE1SgAJ07JnRYcNex7AJ9zAVzmiGHmjKFEk7O4TJIsgv2B1sLEb6owKFZrACwdYngsQ==
  dependencies:
    "@types/node" "*"

"@types/ws@8.2.2":
  version "8.2.2"
  resolved "https://registry.yarnpkg.com/@types/ws/-/ws-8.2.2.tgz#7c5be4decb19500ae6b3d563043cd407bf366c21"
  integrity sha512-NOn5eIcgWLOo6qW8AcuLZ7G8PycXu0xTxxkS6Q18VWFxgPUSOwV0pBj2a/4viNZVu25i7RIB7GttdkAIUUXOOg==
  dependencies:
    "@types/node" "*"

abort-controller@3.0.0, abort-controller@^3.0.0:
  version "3.0.0"
  resolved "https://registry.yarnpkg.com/abort-controller/-/abort-controller-3.0.0.tgz#eaf54d53b62bae4138e809ca225c8439a6efb392"
  integrity sha512-h8lQ8tacZYnR3vNQTgibj+tODHI5/+l06Au2Pcriv/Gmet0eaj4TwWH41sO9wnHDiQsEj19q0drzdWdeAHtweg==
  dependencies:
    event-target-shim "^5.0.0"

arg@^4.1.0:
  version "4.1.3"
  resolved "https://registry.yarnpkg.com/arg/-/arg-4.1.3.tgz#269fc7ad5b8e42cb63c896d5666017261c144089"
  integrity sha512-58S9QDqG0Xx27YwPSt9fJxivjYl432YCwfDMfZ+71RAqUrZef7LrKQZ3LHLOwCS4FLNBplP533Zx895SeOCHvA==

asynckit@^0.4.0:
  version "0.4.0"
  resolved "https://registry.yarnpkg.com/asynckit/-/asynckit-0.4.0.tgz#c79ed97f7f34cb8f2ba1bc9790bcc366474b4b79"
  integrity sha1-x57Zf380y48robyXkLzDZkdLS3k=

bignumber.js@9.0.2:
  version "9.0.2"
  resolved "https://registry.yarnpkg.com/bignumber.js/-/bignumber.js-9.0.2.tgz#71c6c6bed38de64e24a65ebe16cfcf23ae693673"
  integrity sha512-GAcQvbpsM0pUb0zw1EI0KhQEZ+lRwR5fYaAp3vPOYuP7aDvGy6cVN6XHLauvF8SOga2y0dcLcjt3iQDTSEliyw==

bn.js@^4.12.0:
  version "4.12.0"
  resolved "https://registry.yarnpkg.com/bn.js/-/bn.js-4.12.0.tgz#775b3f278efbb9718eec7361f483fb36fbbfea88"
  integrity sha512-c98Bf3tPniI+scsdk237ku1Dc3ujXQTSgyiPUDEOe7tRkhrqridvh8klBv0HCEso1OLOYcHuCv/cS6DNxKH+ZA==

buffer-from@^1.0.0:
  version "1.1.2"
  resolved "https://registry.yarnpkg.com/buffer-from/-/buffer-from-1.1.2.tgz#2b146a6fd72e80b4f55d255f35ed59a3a9a41bd5"
  integrity sha512-E+XQCRwSbaaiChtv6k6Dwgc+bx+Bs6vuKJHHl5kox/BaKbhiXzqQOwK4cO22yElGp2OCmjwVhT3HmxgyPGnJfQ==

bufferutil@^4.0.1:
  version "4.0.6"
  resolved "https://registry.yarnpkg.com/bufferutil/-/bufferutil-4.0.6.tgz#ebd6c67c7922a0e902f053e5d8be5ec850e48433"
  integrity sha512-jduaYOYtnio4aIAyc6UbvPCVcgq7nYpVnucyxr6eCYg/Woad9Hf/oxxBRDnGGjPfjUm6j5O/uBWhIu4iLebFaw==
  dependencies:
    node-gyp-build "^4.3.0"

combined-stream@^1.0.8:
  version "1.0.8"
  resolved "https://registry.yarnpkg.com/combined-stream/-/combined-stream-1.0.8.tgz#c3d45a8b34fd730631a110a8a2520682b31d5a7f"
  integrity sha512-FQN4MRfuJeHf7cBbBMJFXhKSDq+2kAArBlmRBvcvFE5BB1HZKXtSFASDhdlz9zOYwxh8lDdnvmMOe/+5cdoEdg==
  dependencies:
    delayed-stream "~1.0.0"

d@1, d@^1.0.1:
  version "1.0.1"
  resolved "https://registry.yarnpkg.com/d/-/d-1.0.1.tgz#8698095372d58dbee346ffd0c7093f99f8f9eb5a"
  integrity sha512-m62ShEObQ39CfralilEQRjH6oAMtNCV1xJyEx5LpRYUVN+EviphDgUc/F3hnYbADmkiNs67Y+3ylmlG7Lnu+FA==
  dependencies:
    es5-ext "^0.10.50"
    type "^1.0.1"

debug@^2.2.0:
  version "2.6.9"
  resolved "https://registry.yarnpkg.com/debug/-/debug-2.6.9.tgz#5d128515df134ff327e90a4c93f4e077a536341f"
  integrity sha512-bC7ElrdJaJnPbAP+1EotYvqZsb3ecl5wi6Bfi6BJTUcNowp6cvspg0jXznRTKDjm/E7AdgFBVeAPVMNcKGsHMA==
  dependencies:
    ms "2.0.0"

debug@^4.1.0:
  version "4.3.3"
  resolved "https://registry.yarnpkg.com/debug/-/debug-4.3.3.tgz#04266e0b70a98d4462e6e288e38259213332b664"
  integrity sha512-/zxw5+vh1Tfv+4Qn7a5nsbcJKPaSvCDhojn6FEl9vupwK2VCSDtEiEtqr8DFtzYFOdz63LBkxec7DYuc2jon6Q==
  dependencies:
    ms "2.1.2"

delayed-stream@~1.0.0:
  version "1.0.0"
  resolved "https://registry.yarnpkg.com/delayed-stream/-/delayed-stream-1.0.0.tgz#df3ae199acadfb7d440aaae0b29e2272b24ec619"
  integrity sha1-3zrhmayt+31ECqrgsp4icrJOxhk=

diff@^4.0.1:
  version "4.0.2"
  resolved "https://registry.yarnpkg.com/diff/-/diff-4.0.2.tgz#60f3aecb89d5fae520c11aa19efc2bb982aade7d"
  integrity sha512-58lmxKSA4BNyLz+HHMUzlOEpg09FV+ev6ZMe3vJihgdxzgcwZ8VoEEPmALCZG9LmqfVoNMMKpttIYTVG6uDY7A==

dotenv@15.0.0:
  version "15.0.0"
  resolved "https://registry.yarnpkg.com/dotenv/-/dotenv-15.0.0.tgz#2a585639429bf2c2c62f387f0fffde9c75aafde0"
  integrity sha512-/l1sXXm79ry34KwwS0y4oVZjB468iw/6u9g1W26dtexKcIJAnVL2pMF+hxQwzZ7LutxOwEgtym9eIxvX33CMKg==

ed2curve@^0.3.0:
  version "0.3.0"
  resolved "https://registry.yarnpkg.com/ed2curve/-/ed2curve-0.3.0.tgz#322b575152a45305429d546b071823a93129a05d"
  integrity sha512-8w2fmmq3hv9rCrcI7g9hms2pMunQr1JINfcjwR9tAyZqhtyaMN991lF/ZfHfr5tzZQ8c7y7aBgZbjfbd0fjFwQ==
  dependencies:
    tweetnacl "1.x.x"

es5-ext@^0.10.35, es5-ext@^0.10.50:
  version "0.10.53"
  resolved "https://registry.yarnpkg.com/es5-ext/-/es5-ext-0.10.53.tgz#93c5a3acfdbef275220ad72644ad02ee18368de1"
  integrity sha512-Xs2Stw6NiNHWypzRTY1MtaG/uJlwCk8kH81920ma8mvN8Xq1gsfhZvpkImLQArw8AHnv8MT2I45J3c0R8slE+Q==
  dependencies:
    es6-iterator "~2.0.3"
    es6-symbol "~3.1.3"
    next-tick "~1.0.0"

es6-iterator@~2.0.3:
  version "2.0.3"
  resolved "https://registry.yarnpkg.com/es6-iterator/-/es6-iterator-2.0.3.tgz#a7de889141a05a94b0854403b2d0a0fbfa98f3b7"
  integrity sha1-p96IkUGgWpSwhUQDstCg+/qY87c=
  dependencies:
    d "1"
    es5-ext "^0.10.35"
    es6-symbol "^3.1.1"

es6-symbol@^3.1.1, es6-symbol@~3.1.3:
  version "3.1.3"
  resolved "https://registry.yarnpkg.com/es6-symbol/-/es6-symbol-3.1.3.tgz#bad5d3c1bcdac28269f4cb331e431c78ac705d18"
  integrity sha512-NJ6Yn3FuDinBaBRWl/q5X/s4koRHBrgKAu+yGI6JCBeiu3qrcbJhwT2GeR/EXVfylRk8dpQVJoLEFhK+Mu31NA==
  dependencies:
    d "^1.0.1"
    ext "^1.1.2"

event-target-shim@^5.0.0:
  version "5.0.1"
  resolved "https://registry.yarnpkg.com/event-target-shim/-/event-target-shim-5.0.1.tgz#5d4d3ebdf9583d63a5333ce2deb7480ab2b05789"
  integrity sha512-i/2XbnSz/uxRCU6+NdVJgKWDTM427+MqYbkQzD321DuCQJUqOuJKIA0IM2+W2xtYHdKOmZ4dR6fExsd4SXL+WQ==

eventemitter3@^4.0.7:
  version "4.0.7"
  resolved "https://registry.yarnpkg.com/eventemitter3/-/eventemitter3-4.0.7.tgz#2de9b68f6528d5644ef5c59526a1b4a07306169f"
  integrity sha512-8guHBZCwKnFhYdHr2ysuRWErTwhoN2X8XELRlrRwpmfeY2jjuUN4taQMsULKUVo1K4DvZl+0pgfyoysHxvmvEw==

ext@^1.1.2:
  version "1.6.0"
  resolved "https://registry.yarnpkg.com/ext/-/ext-1.6.0.tgz#3871d50641e874cc172e2b53f919842d19db4c52"
  integrity sha512-sdBImtzkq2HpkdRLtlLWDa6w4DX22ijZLKx8BMPUuKe1c5lbN6xwQDQCxSfxBQnHZ13ls/FH0MQZx/q/gr6FQg==
  dependencies:
    type "^2.5.0"

form-data@^3.0.0:
  version "3.0.1"
  resolved "https://registry.yarnpkg.com/form-data/-/form-data-3.0.1.tgz#ebd53791b78356a99af9a300d4282c4d5eb9755f"
  integrity sha512-RHkBKtLWUVwd7SqRIvCZMEvAMoGUp0XU+seQiZejj0COz3RI3hWP4sCv3gZWWLjJTd7rGwcsF5eKZGii0r/hbg==
  dependencies:
    asynckit "^0.4.0"
    combined-stream "^1.0.8"
    mime-types "^2.1.12"

ip-regex@^4.3.0:
  version "4.3.0"
  resolved "https://registry.yarnpkg.com/ip-regex/-/ip-regex-4.3.0.tgz#687275ab0f57fa76978ff8f4dddc8a23d5990db5"
  integrity sha512-B9ZWJxHHOHUhUjCPrMpLD4xEq35bUTClHM1S6CBU5ixQnkZmwipwgc96vAd7AAGM9TGHvJR+Uss+/Ak6UphK+Q==

is-typedarray@^1.0.0:
  version "1.0.0"
  resolved "https://registry.yarnpkg.com/is-typedarray/-/is-typedarray-1.0.0.tgz#e479c80858df0c1b11ddda6940f96011fcda4a9a"
  integrity sha1-5HnICFjfDBsR3dppQPlgEfzaSpo=

isomorphic-fetch@3.0.0, isomorphic-fetch@^3.0.0:
  version "3.0.0"
  resolved "https://registry.yarnpkg.com/isomorphic-fetch/-/isomorphic-fetch-3.0.0.tgz#0267b005049046d2421207215d45d6a262b8b8b4"
  integrity sha512-qvUtwJ3j6qwsF3jLxkZ72qCgjMysPzDfeV240JHiGZsANBYd+EEuu35v7dfrJ9Up0Ak07D7GGSkGhCHTqg/5wA==
  dependencies:
    node-fetch "^2.6.1"
    whatwg-fetch "^3.4.1"

json-stringify-safe@^5.0.1:
  version "5.0.1"
  resolved "https://registry.yarnpkg.com/json-stringify-safe/-/json-stringify-safe-5.0.1.tgz#1296a2d58fd45f19a0f6ce01d65701e2c735b6eb"
  integrity sha1-Epai1Y/UXxmg9s4B1lcB4sc1tus=

lodash.set@^4.3.2:
  version "4.3.2"
  resolved "https://registry.yarnpkg.com/lodash.set/-/lodash.set-4.3.2.tgz#d8757b1da807dde24816b0d6a84bea1a76230b23"
  integrity sha1-2HV7HagH3eJIFrDWqEvqGnYjCyM=

make-error@^1.1.1:
  version "1.3.6"
  resolved "https://registry.yarnpkg.com/make-error/-/make-error-1.3.6.tgz#2eb2e37ea9b67c4891f684a1394799af484cf7a2"
  integrity sha512-s8UhlNe7vPKomQhC1qFelMokr/Sc3AgNbso3n74mVPA5LTZwkB9NlXf4XPamLxJE8h0gh73rM94xvwRT2CVInw==

micro-base@^0.10.2:
  version "0.10.2"
  resolved "https://registry.yarnpkg.com/micro-base/-/micro-base-0.10.2.tgz#f6f9f0bd949ce511883e5a99f9147d80ddc32f5a"
  integrity sha512-lqqJrT7lfJtDmmiQ4zRLZuIJBk96t0RAc5pCrrWpL9zDeH5i/SUL85mku9HqzTI/OCZ8EQ3aicbMW+eK5Nyu5w==

mime-db@1.51.0:
  version "1.51.0"
  resolved "https://registry.yarnpkg.com/mime-db/-/mime-db-1.51.0.tgz#d9ff62451859b18342d960850dc3cfb77e63fb0c"
  integrity sha512-5y8A56jg7XVQx2mbv1lu49NR4dokRnhZYTtL+KGfaa27uq4pSTXkwQkFJl4pkRMyNFz/EtYDSkiiEHx3F7UN6g==

mime-types@^2.1.12:
  version "2.1.34"
  resolved "https://registry.yarnpkg.com/mime-types/-/mime-types-2.1.34.tgz#5a712f9ec1503511a945803640fafe09d3793c24"
  integrity sha512-6cP692WwGIs9XXdOO4++N+7qjqv0rqxxVvJ3VHPh/Sc9mVZcQP+ZGhkKiTvWMQRr2tbHkJP/Yn7Y0npb3ZBs4A==
  dependencies:
    mime-db "1.51.0"

mock-socket@^9.0.8:
  version "9.1.2"
  resolved "https://registry.yarnpkg.com/mock-socket/-/mock-socket-9.1.2.tgz#cce6cf2193aada937ba41de3288c5c1922fbd571"
  integrity sha512-XKZkCnQ9ISOlTnaPg4LYYSMj7+6i78HyadYzLA5JM4465ibLdjappZD9Csnqc3Tfzep/eEK/LCJ29BTaLHoB1A==

ms@2.0.0:
  version "2.0.0"
  resolved "https://registry.yarnpkg.com/ms/-/ms-2.0.0.tgz#5608aeadfc00be6c2901df5f9861788de0d597c8"
  integrity sha1-VgiurfwAvmwpAd9fmGF4jeDVl8g=

ms@2.1.2:
  version "2.1.2"
  resolved "https://registry.yarnpkg.com/ms/-/ms-2.1.2.tgz#d09d1f357b443f493382a8eb3ccd183872ae6009"
  integrity sha512-sGkPx+VjMtmA6MX27oA4FBFELFCZZ4S4XqeGOXCv68tT+jb3vk/RyaKWP0PTKyWtmLSM0b+adUTEvbs1PEaH2w==

next-tick@~1.0.0:
  version "1.0.0"
  resolved "https://registry.yarnpkg.com/next-tick/-/next-tick-1.0.0.tgz#ca86d1fe8828169b0120208e3dc8424b9db8342c"
  integrity sha1-yobR/ogoFpsBICCOPchCS524NCw=

nock@^13.2.2:
  version "13.2.4"
  resolved "https://registry.yarnpkg.com/nock/-/nock-13.2.4.tgz#43a309d93143ee5cdcca91358614e7bde56d20e1"
  integrity sha512-8GPznwxcPNCH/h8B+XZcKjYPXnUV5clOKCjAqyjsiqA++MpNx9E9+t8YPp0MbThO+KauRo7aZJ1WuIZmOrT2Ug==
  dependencies:
    debug "^4.1.0"
    json-stringify-safe "^5.0.1"
    lodash.set "^4.3.2"
    propagate "^2.0.0"

node-fetch@^2.6.1, node-fetch@^2.6.7:
  version "2.6.7"
  resolved "https://registry.yarnpkg.com/node-fetch/-/node-fetch-2.6.7.tgz#24de9fba827e3b4ae44dc8b20256a379160052ad"
  integrity sha512-ZjMPFEfVx5j+y2yF35Kzx5sF7kDzxuDj6ziH4FFbOp87zKDZNx8yExJIb05OGF4Nlt9IHFIMBkRl41VdvcNdbQ==
  dependencies:
    whatwg-url "^5.0.0"

node-gyp-build@^4.3.0:
  version "4.3.0"
  resolved "https://registry.yarnpkg.com/node-gyp-build/-/node-gyp-build-4.3.0.tgz#9f256b03e5826150be39c764bf51e993946d71a3"
  integrity sha512-iWjXZvmboq0ja1pUGULQBexmxq8CV4xBhX7VDOTbL7ZR4FOowwY/VOtRxBN/yKxmdGoIp4j5ysNT4u3S2pDQ3Q==

propagate@^2.0.0:
  version "2.0.1"
  resolved "https://registry.yarnpkg.com/propagate/-/propagate-2.0.1.tgz#40cdedab18085c792334e64f0ac17256d38f9a45"
  integrity sha512-vGrhOavPSTz4QVNuBNdcNXePNdNMaO1xj9yBeH1ScQPjk/rhg9sSlCXPhMkFuaNNW/syTvYqsnbIJxMBfRbbag==

querystring@0.2.1:
  version "0.2.1"
  resolved "https://registry.yarnpkg.com/querystring/-/querystring-0.2.1.tgz#40d77615bb09d16902a85c3e38aa8b5ed761c2dd"
  integrity sha512-wkvS7mL/JMugcup3/rMitHmd9ecIGd2lhFhK9N3UUQ450h66d1r3Y9nvXzQAW1Lq+wyx61k/1pfKS5KuKiyEbg==

regenerator-runtime@^0.13.4:
  version "0.13.9"
  resolved "https://registry.yarnpkg.com/regenerator-runtime/-/regenerator-runtime-0.13.9.tgz#8925742a98ffd90814988d7566ad30ca3b263b52"
  integrity sha512-p3VT+cOEgxFsRRA9X4lkI1E+k2/CtnKtU4gcxyaCUreilL/vqI6CdZ3wxVUx3UOUg+gnUOQQcRI7BmSI656MYA==

rxjs@^7.5.2:
  version "7.5.3"
  resolved "https://registry.yarnpkg.com/rxjs/-/rxjs-7.5.3.tgz#1359f8a4704797bee74357d65a125dbc7d8f4a91"
  integrity sha512-6162iC/N7L7K8q3UvdOMWix1ju+esADGrDaPrTu5XJmCv69YNdYoUaop/iatN8GHK+YHOdszPP+qygA0yi04zQ==
  dependencies:
    tslib "^2.1.0"

source-map-support@^0.5.17:
  version "0.5.21"
  resolved "https://registry.yarnpkg.com/source-map-support/-/source-map-support-0.5.21.tgz#04fe7c7f9e1ed2d662233c28cb2b35b9f63f6e4f"
  integrity sha512-uBHU3L3czsIyYXKX88fdrGovxdSCoTGDRZ6SYXtSRxLZUzHg5P/66Ht6uoUlHu9EZod+inXhKo3qQgwXUT/y1w==
  dependencies:
    buffer-from "^1.0.0"
    source-map "^0.6.0"

source-map@^0.6.0:
  version "0.6.1"
  resolved "https://registry.yarnpkg.com/source-map/-/source-map-0.6.1.tgz#74722af32e9614e9c287a8d0bbde48b5e2f1a263"
  integrity sha512-UjgapumWlbMhkBgzT7Ykc5YXUT46F0iKu8SGXq0bcwP5dz/h0Plj6enJqjz1Zbq2l5WaqYnrVbwWOWMyF3F47g==

tr46@~0.0.3:
  version "0.0.3"
  resolved "https://registry.yarnpkg.com/tr46/-/tr46-0.0.3.tgz#8184fd347dac9cdc185992f3a6622e14b9d9ab6a"
  integrity sha1-gYT9NH2snNwYWZLzpmIuFLnZq2o=

ts-node@9.0.0:
  version "9.0.0"
  resolved "https://registry.yarnpkg.com/ts-node/-/ts-node-9.0.0.tgz#e7699d2a110cc8c0d3b831715e417688683460b3"
  integrity sha512-/TqB4SnererCDR/vb4S/QvSZvzQMJN8daAslg7MeaiHvD8rDZsSfXmNeNumyZZzMned72Xoq/isQljYSt8Ynfg==
  dependencies:
    arg "^4.1.0"
    diff "^4.0.1"
    make-error "^1.1.1"
    source-map-support "^0.5.17"
    yn "3.1.1"

tslib@^2.1.0:
  version "2.3.1"
  resolved "https://registry.yarnpkg.com/tslib/-/tslib-2.3.1.tgz#e8a335add5ceae51aa261d32a490158ef042ef01"
  integrity sha512-77EbyPPpMz+FRFRuAFlWMtmgUWGe9UOG2Z25NqCwiIjRhOf5iKGuzSe5P2w1laq+FkRy4p+PCuVkJSGkzTEKVw==

tweetnacl@1.x.x, tweetnacl@^1.0.3:
  version "1.0.3"
  resolved "https://registry.yarnpkg.com/tweetnacl/-/tweetnacl-1.0.3.tgz#ac0af71680458d8a6378d0d0d050ab1407d35596"
  integrity sha512-6rt+RN7aOi1nGMyC4Xa5DdYiukl2UWCbcJft7YhxReBGQD7OAM8Pbxw6YMo4r2diNEA8FEmu32YOn9rhaiE5yw==

type@^1.0.1:
  version "1.2.0"
  resolved "https://registry.yarnpkg.com/type/-/type-1.2.0.tgz#848dd7698dafa3e54a6c479e759c4bc3f18847a0"
  integrity sha512-+5nt5AAniqsCnu2cEQQdpzCAh33kVx8n0VoFidKpB1dVVLAN/F+bgVOqOJqOnEnrhp222clB5p3vUlD+1QAnfg==

type@^2.5.0:
  version "2.6.0"
  resolved "https://registry.yarnpkg.com/type/-/type-2.6.0.tgz#3ca6099af5981d36ca86b78442973694278a219f"
  integrity sha512-eiDBDOmkih5pMbo9OqsqPRGMljLodLcwd5XD5JbtNB0o89xZAwynY9EdCDsJU7LtcVCClu9DvM7/0Ep1hYX3EQ==

typedarray-to-buffer@^3.1.5:
  version "3.1.5"
  resolved "https://registry.yarnpkg.com/typedarray-to-buffer/-/typedarray-to-buffer-3.1.5.tgz#a97ee7a9ff42691b9f783ff1bc5112fe3fca9080"
  integrity sha512-zdu8XMNEDepKKR+XYOXAVPtWui0ly0NtohUscw+UmaHiAWT8hrV1rr//H6V+0DvJ3OQ19S979M0laLfX8rm82Q==
  dependencies:
    is-typedarray "^1.0.0"

typescript@4.4.4:
  version "4.4.4"
  resolved "https://registry.yarnpkg.com/typescript/-/typescript-4.4.4.tgz#2cd01a1a1f160704d3101fd5a58ff0f9fcb8030c"
  integrity sha512-DqGhF5IKoBl8WNf8C1gu8q0xZSInh9j1kJJMqT3a94w1JzVaBU4EXOSMrz9yDqMT0xt3selp83fuFMQ0uzv6qA==

utf-8-validate@^5.0.2:
  version "5.0.8"
  resolved "https://registry.yarnpkg.com/utf-8-validate/-/utf-8-validate-5.0.8.tgz#4a735a61661dbb1c59a0868c397d2fe263f14e58"
  integrity sha512-k4dW/Qja1BYDl2qD4tOMB9PFVha/UJtxTc1cXYOe3WwA/2m0Yn4qB7wLMpJyLJ/7DR0XnTut3HsCSzDT4ZvKgA==
  dependencies:
    node-gyp-build "^4.3.0"

webidl-conversions@^3.0.0:
  version "3.0.1"
  resolved "https://registry.yarnpkg.com/webidl-conversions/-/webidl-conversions-3.0.1.tgz#24534275e2a7bc6be7bc86611cc16ae0a5654871"
  integrity sha1-JFNCdeKnvGvnvIZhHMFq4KVlSHE=

websocket@^1.0.34:
  version "1.0.34"
  resolved "https://registry.yarnpkg.com/websocket/-/websocket-1.0.34.tgz#2bdc2602c08bf2c82253b730655c0ef7dcab3111"
  integrity sha512-PRDso2sGwF6kM75QykIesBijKSVceR6jL2G8NGYyq2XrItNC2P5/qL5XeR056GhA+Ly7JMFvJb9I312mJfmqnQ==
  dependencies:
    bufferutil "^4.0.1"
    debug "^2.2.0"
    es5-ext "^0.10.50"
    typedarray-to-buffer "^3.1.5"
    utf-8-validate "^5.0.2"
    yaeti "^0.0.6"

whatwg-fetch@^3.4.1:
  version "3.6.2"
  resolved "https://registry.yarnpkg.com/whatwg-fetch/-/whatwg-fetch-3.6.2.tgz#dced24f37f2624ed0281725d51d0e2e3fe677f8c"
  integrity sha512-bJlen0FcuU/0EMLrdbJ7zOnW6ITZLrZMIarMUVmdKtsGvZna8vxKYaexICWPfZ8qwf9fzNq+UEIZrnSaApt6RA==

whatwg-url@^5.0.0:
  version "5.0.0"
  resolved "https://registry.yarnpkg.com/whatwg-url/-/whatwg-url-5.0.0.tgz#966454e8765462e37644d3626f6742ce8b70965d"
  integrity sha1-lmRU6HZUYuN2RNNib2dCzotwll0=
  dependencies:
    tr46 "~0.0.3"
    webidl-conversions "^3.0.0"

ws@8.4.2:
  version "8.4.2"
  resolved "https://registry.yarnpkg.com/ws/-/ws-8.4.2.tgz#18e749868d8439f2268368829042894b6907aa0b"
  integrity sha512-Kbk4Nxyq7/ZWqr/tarI9yIt/+iNNFOjBXEWgTb4ydaNHBNGgvf2QHbS9fdfsndfjFlFwEd4Al+mw83YkaD10ZA==

yaeti@^0.0.6:
  version "0.0.6"
  resolved "https://registry.yarnpkg.com/yaeti/-/yaeti-0.0.6.tgz#f26f484d72684cf42bedfb76970aa1608fbf9577"
  integrity sha1-8m9ITXJoTPQr7ft2lwqhYI+/lXc=

yn@3.1.1:
  version "3.1.1"
  resolved "https://registry.yarnpkg.com/yn/-/yn-3.1.1.tgz#1e87401a09d767c1d5eab26a6e4c185182d2eb50"
  integrity sha512-Ux4ygGWsu2c7isFWe8Yu1YluJmqVhxqK2cLXNQA5AcC3QfbGNpM7fu0Y8b/z16pXLnFxZYvWhd3fhBY9DLmC6Q==
